
Microsoft Visual Studio Solution File, Format Version 12.00
# Visual Studio Version 17
VisualStudioVersion = 17.3.32929.385
MinimumVisualStudioVersion = 10.0.40219.1
Project("{FAE04EC0-301F-11D3-BF4B-00C04F79EFBC}") = "Burger_King", "Burger_King\Burger_King.csproj", "{AE275F34-80BB-4BC3-A74D-45A3EAF2B1D8}"
EndProject
Global
	GlobalSection(SolutionConfigurationPlatforms) = preSolution
		Debug|Any CPU = Debug|Any CPU
		Release|Any CPU = Release|Any CPU
	EndGlobalSection
	GlobalSection(ProjectConfigurationPlatforms) = postSolution
		{AE275F34-80BB-4BC3-A74D-45A3EAF2B1D8}.Debug|Any CPU.ActiveCfg = Debug|Any CPU
		{AE275F34-80BB-4BC3-A74D-45A3EAF2B1D8}.Debug|Any CPU.Build.0 = Debug|Any CPU
		{AE275F34-80BB-4BC3-A74D-45A3EAF2B1D8}.Release|Any CPU.ActiveCfg = Release|Any CPU
		{AE275F34-80BB-4BC3-A74D-45A3EAF2B1D8}.Release|Any CPU.Build.0 = Release|Any CPU
	EndGlobalSection
	GlobalSection(SolutionProperties) = preSolution
		HideSolutionNode = FALSE
	EndGlobalSection
	GlobalSection(ExtensibilityGlobals) = postSolution
		SolutionGuid = {73F794EF-8F37-4348-BF6E-4109B6681DAB}
	EndGlobalSection
EndGlobal
